
Microsoft Visual Studio Solution File, Format Version 12.00
# Visual Studio Version 17
VisualStudioVersion = 17.9.34701.34
MinimumVisualStudioVersion = 10.0.40219.1
Project("{FAE04EC0-301F-11D3-BF4B-00C04F79EFBC}") = "Garage", "Garage\Garage.csproj", "{147CD712-16E4-4836-B468-79243FFA24EE}"
EndProject
Global
	GlobalSection(SolutionConfigurationPlatforms) = preSolution
		Debug|Any CPU = Debug|Any CPU
		Release|Any CPU = Release|Any CPU
	EndGlobalSection
	GlobalSection(ProjectConfigurationPlatforms) = postSolution
		{147CD712-16E4-4836-B468-79243FFA24EE}.Debug|Any CPU.ActiveCfg = Debug|Any CPU
		{147CD712-16E4-4836-B468-79243FFA24EE}.Debug|Any CPU.Build.0 = Debug|Any CPU
		{147CD712-16E4-4836-B468-79243FFA24EE}.Release|Any CPU.ActiveCfg = Release|Any CPU
		{147CD712-16E4-4836-B468-79243FFA24EE}.Release|Any CPU.Build.0 = Release|Any CPU
	EndGlobalSection
	GlobalSection(SolutionProperties) = preSolution
		HideSolutionNode = FALSE
	EndGlobalSection
	GlobalSection(ExtensibilityGlobals) = postSolution
		SolutionGuid = {0F812C24-0D5A-446A-A221-AA419EFC9492}
	EndGlobalSection
EndGlobal
